
Microsoft Visual Studio Solution File, Format Version 12.00
# Visual Studio Version 17
VisualStudioVersion = 17.8.34525.116
MinimumVisualStudioVersion = 10.0.40219.1
Project("{9A19103F-16F7-4668-BE54-9A1E7A4F7556}") = "API_BlobsOfGobs", "API_BlobsOfGobs.csproj", "{84FA7896-1D68-4A26-9670-67265537C9FD}"
EndProject
Project("{9A19103F-16F7-4668-BE54-9A1E7A4F7556}") = "TEST_BlobsOfGobs", "..\TEST_BlobsOfGobs\TEST_BlobsOfGobs.csproj", "{98265121-DC05-4585-9F23-E2C426A26742}"
EndProject
Project("{9A19103F-16F7-4668-BE54-9A1E7A4F7556}") = "UI_BlobsOfGobs", "..\UI_BlobsOfGobs\UI_BlobsOfGobs.csproj", "{4366C7B9-9B0D-441E-B783-CDFD7B71BA68}"
EndProject
Global
	GlobalSection(SolutionConfigurationPlatforms) = preSolution
		Debug|Any CPU = Debug|Any CPU
		Release|Any CPU = Release|Any CPU
	EndGlobalSection
	GlobalSection(ProjectConfigurationPlatforms) = postSolution
		{84FA7896-1D68-4A26-9670-67265537C9FD}.Debug|Any CPU.ActiveCfg = Debug|Any CPU
		{84FA7896-1D68-4A26-9670-67265537C9FD}.Debug|Any CPU.Build.0 = Debug|Any CPU
		{84FA7896-1D68-4A26-9670-67265537C9FD}.Release|Any CPU.ActiveCfg = Release|Any CPU
		{84FA7896-1D68-4A26-9670-67265537C9FD}.Release|Any CPU.Build.0 = Release|Any CPU
		{98265121-DC05-4585-9F23-E2C426A26742}.Debug|Any CPU.ActiveCfg = Debug|Any CPU
		{98265121-DC05-4585-9F23-E2C426A26742}.Debug|Any CPU.Build.0 = Debug|Any CPU
		{98265121-DC05-4585-9F23-E2C426A26742}.Release|Any CPU.ActiveCfg = Release|Any CPU
		{98265121-DC05-4585-9F23-E2C426A26742}.Release|Any CPU.Build.0 = Release|Any CPU
		{4366C7B9-9B0D-441E-B783-CDFD7B71BA68}.Debug|Any CPU.ActiveCfg = Debug|Any CPU
		{4366C7B9-9B0D-441E-B783-CDFD7B71BA68}.Debug|Any CPU.Build.0 = Debug|Any CPU
		{4366C7B9-9B0D-441E-B783-CDFD7B71BA68}.Debug|Any CPU.Deploy.0 = Debug|Any CPU
		{4366C7B9-9B0D-441E-B783-CDFD7B71BA68}.Release|Any CPU.ActiveCfg = Release|Any CPU
		{4366C7B9-9B0D-441E-B783-CDFD7B71BA68}.Release|Any CPU.Build.0 = Release|Any CPU
		{4366C7B9-9B0D-441E-B783-CDFD7B71BA68}.Release|Any CPU.Deploy.0 = Release|Any CPU
	EndGlobalSection
	GlobalSection(SolutionProperties) = preSolution
		HideSolutionNode = FALSE
	EndGlobalSection
	GlobalSection(ExtensibilityGlobals) = postSolution
		SolutionGuid = {0F262025-8FF9-4059-B340-1A9C8DF178B7}
	EndGlobalSection
EndGlobal
